
Microsoft Visual Studio Solution File, Format Version 12.00
# Visual Studio Version 17
VisualStudioVersion = 17.3.32929.385
MinimumVisualStudioVersion = 10.0.40219.1
Project("{9A19103F-16F7-4668-BE54-9A1E7A4F7556}") = "RESTFull.API", "RESTFull.API\RESTFull.API.csproj", "{EC2CC5C5-5ED7-4979-ACCE-FFC8A6469841}"
EndProject
Project("{9A19103F-16F7-4668-BE54-9A1E7A4F7556}") = "TestProject1", "TestProject1\TestProject1.csproj", "{3E13B3B1-1401-48AB-83D3-A633CE77B44C}"
EndProject
Project("{FAE04EC0-301F-11D3-BF4B-00C04F79EFBC}") = "RESTFull.Domain", "RESTFull.Domain\RESTFull.Domain.csproj", "{2D7C40A8-261E-40FB-936A-285E0609A90E}"
EndProject
Project("{FAE04EC0-301F-11D3-BF4B-00C04F79EFBC}") = "RESTFull.Infrastructure", "RESTFull.Infrastructure\RESTFull.Infrastructure.csproj", "{CFB0D8E1-A266-487B-89B5-3E8B042B8E67}"
EndProject
Global
	GlobalSection(SolutionConfigurationPlatforms) = preSolution
		Debug|Any CPU = Debug|Any CPU
		Release|Any CPU = Release|Any CPU
	EndGlobalSection
	GlobalSection(ProjectConfigurationPlatforms) = postSolution
		{EC2CC5C5-5ED7-4979-ACCE-FFC8A6469841}.Debug|Any CPU.ActiveCfg = Debug|Any CPU
		{EC2CC5C5-5ED7-4979-ACCE-FFC8A6469841}.Debug|Any CPU.Build.0 = Debug|Any CPU
		{EC2CC5C5-5ED7-4979-ACCE-FFC8A6469841}.Release|Any CPU.ActiveCfg = Release|Any CPU
		{EC2CC5C5-5ED7-4979-ACCE-FFC8A6469841}.Release|Any CPU.Build.0 = Release|Any CPU
		{3E13B3B1-1401-48AB-83D3-A633CE77B44C}.Debug|Any CPU.ActiveCfg = Debug|Any CPU
		{3E13B3B1-1401-48AB-83D3-A633CE77B44C}.Debug|Any CPU.Build.0 = Debug|Any CPU
		{3E13B3B1-1401-48AB-83D3-A633CE77B44C}.Release|Any CPU.ActiveCfg = Release|Any CPU
		{3E13B3B1-1401-48AB-83D3-A633CE77B44C}.Release|Any CPU.Build.0 = Release|Any CPU
		{2D7C40A8-261E-40FB-936A-285E0609A90E}.Debug|Any CPU.ActiveCfg = Debug|Any CPU
		{2D7C40A8-261E-40FB-936A-285E0609A90E}.Debug|Any CPU.Build.0 = Debug|Any CPU
		{2D7C40A8-261E-40FB-936A-285E0609A90E}.Release|Any CPU.ActiveCfg = Release|Any CPU
		{2D7C40A8-261E-40FB-936A-285E0609A90E}.Release|Any CPU.Build.0 = Release|Any CPU
		{CFB0D8E1-A266-487B-89B5-3E8B042B8E67}.Debug|Any CPU.ActiveCfg = Debug|Any CPU
		{CFB0D8E1-A266-487B-89B5-3E8B042B8E67}.Debug|Any CPU.Build.0 = Debug|Any CPU
		{CFB0D8E1-A266-487B-89B5-3E8B042B8E67}.Release|Any CPU.ActiveCfg = Release|Any CPU
		{CFB0D8E1-A266-487B-89B5-3E8B042B8E67}.Release|Any CPU.Build.0 = Release|Any CPU
	EndGlobalSection
	GlobalSection(SolutionProperties) = preSolution
		HideSolutionNode = FALSE
	EndGlobalSection
	GlobalSection(ExtensibilityGlobals) = postSolution
		SolutionGuid = {03AD3915-A798-4835-83ED-CE76CB6BDD10}
	EndGlobalSection
EndGlobal
